// !$*UTF8*$!
{
	archiveVersion = 1;
	classes = {
	};
	objectVersion = 46;
	objects = {

/* Begin PBXBuildFile section */
		D97EDDFB1D834314003E5106 /* main.m in Sources */ = {isa = PBXBuildFile; fileRef = D97EDDFA1D834314003E5106 /* main.m */; };
		D97EDE091D834367003E5106 /* NSString+StringByPigLatinization.m in Sources */ = {isa = PBXBuildFile; fileRef = D97EDE081D834367003E5106 /* NSString+StringByPigLatinization.m */; };
/* End PBXBuildFile section */

/* Begin PBXCopyFilesBuildPhase section */
		D97EDDF51D834314003E5106 /* CopyFiles */ = {
			isa = PBXCopyFilesBuildPhase;
			buildActionMask = 2147483647;
			dstPath = /usr/share/man/man1/;
			dstSubfolderSpec = 0;
			files = (
			);
			runOnlyForDeploymentPostprocessing = 1;
		};
/* End PBXCopyFilesBuildPhase section */

/* Begin PBXFileReference section */
		D97EDDF71D834314003E5106 /* PigLatin */ = {isa = PBXFileReference; explicitFileType = "compiled.mach-o.executable"; includeInIndex = 0; path = PigLatin; sourceTree = BUILT_PRODUCTS_DIR; };
		D97EDDFA1D834314003E5106 /* main.m */ = {isa = PBXFileReference; lastKnownFileType = sourcecode.c.objc; path = main.m; sourceTree = "<group>"; };
		D97EDE071D834367003E5106 /* NSString+StringByPigLatinization.h */ = {isa = PBXFileReference; fileEncoding = 4; lastKnownFileType = sourcecode.c.h; path = "NSString+StringByPigLatinization.h"; sourceTree = "<group>"; };
		D97EDE081D834367003E5106 /* NSString+StringByPigLatinization.m */ = {isa = PBXFileReference; fileEncoding = 4; lastKnownFileType = sourcecode.c.objc; path = "NSString+StringByPigLatinization.m"; sourceTree = "<group>"; };
/* End PBXFileReference section */

/* Begin PBXFrameworksBuildPhase section */
		D97EDDF41D834314003E5106 /* Frameworks */ = {
			isa = PBXFrameworksBuildPhase;
			buildActionMask = 2147483647;
			files = (
			);
			runOnlyForDeploymentPostprocessing = 0;
		};
/* End PBXFrameworksBuildPhase section */

/* Begin PBXGroup section */
		D97EDDEE1D834314003E5106 = {
			isa = PBXGroup;
			children = (
				D97EDDF91D834314003E5106 /* PigLatin */,
				D97EDDF81D834314003E5106 /* Products */,
			);
			sourceTree = "<group>";
		};
		D97EDDF81D834314003E5106 /* Products */ = {
			isa = PBXGroup;
			children = (
				D97EDDF71D834314003E5106 /* PigLatin */,
			);
			name = Products;
			sourceTree = "<group>";
		};
		D97EDDF91D834314003E5106 /* PigLatin */ = {
			isa = PBXGroup;
			children = (
				D97EDDFA1D834314003E5106 /* main.m */,
				D97EDE071D834367003E5106 /* NSString+StringByPigLatinization.h */,
				D97EDE081D834367003E5106 /* NSString+StringByPigLatinization.m */,
			);
			path = PigLatin;
			sourceTree = "<group>";
		};
/* End PBXGroup section */

/* Begin PBXNativeTarget section */
		D97EDDF61D834314003E5106 /* PigLatin */ = {
			isa = PBXNativeTarget;
			buildConfigurationList = D97EDDFE1D834314003E5106 /* Build configuration list for PBXNativeTarget "PigLatin" */;
			buildPhases = (
				D97EDDF31D834314003E5106 /* Sources */,
				D97EDDF41D834314003E5106 /* Frameworks */,
				D97EDDF51D834314003E5106 /* CopyFiles */,
			);
			buildRules = (
			);
			dependencies = (
			);
			name = PigLatin;
			productName = PigLatin;
			productReference = D97EDDF71D834314003E5106 /* PigLatin */;
			productType = "com.apple.product-type.tool";
		};
/* End PBXNativeTarget section */

/* Begin PBXProject section */
		D97EDDEF1D834314003E5106 /* Project object */ = {
			isa = PBXProject;
			attributes = {
				LastUpgradeCheck = 0800;
				ORGANIZATIONNAME = "Dan Christal";
				TargetAttributes = {
					D97EDDF61D834314003E5106 = {
						CreatedOnToolsVersion = 8.0;
						ProvisioningStyle = Automatic;
					};
				};
			};
			buildConfigurationList = D97EDDF21D834314003E5106 /* Build configuration list for PBXProject "PigLatin" */;
			compatibilityVersion = "Xcode 3.2";
			developmentRegion = English;
			hasScannedForEncodings = 0;
			knownRegions = (
				en,
			);
			mainGroup = D97EDDEE1D834314003E5106;
			productRefGroup = D97EDDF81D834314003E5106 /* Products */;
			projectDirPath = "";
			projectRoot = "";
			targets = (
				D97EDDF61D834314003E5106 /* PigLatin */,
			);
		};
/* End PBXProject section */

/* Begin PBXSourcesBuildPhase section */
		D97EDDF31D834314003E5106 /* Sources */ = {
			isa = PBXSourcesBuildPhase;
			buildActionMask = 2147483647;
			files = (
				D97EDE091D834367003E5106 /* NSString+StringByPigLatinization.m in Sources */,
				D97EDDFB1D834314003E5106 /* main.m in Sources */,
			);
			runOnlyForDeploymentPostprocessing = 0;
		};
/* End PBXSourcesBuildPhase section */

/* Begin XCBuildConfiguration section */
		D97EDDFC1D834314003E5106 /* Debug */ = {
			isa = XCBuildConfiguration;
			buildSettings = {
				ALWAYS_SEARCH_USER_PATHS = NO;
				CLANG_ANALYZER_NONNULL = YES;
				CLANG_CXX_LANGUAGE_STANDARD = "gnu++0x";
				CLANG_CXX_LIBRARY = "libc++";
				CLANG_ENABLE_MODULES = YES;
				CLANG_ENABLE_OBJC_ARC = YES;
				CLANG_WARN_BOOL_CONVERSION = YES;
				CLANG_WARN_CONSTANT_CONVERSION = YES;
				CLANG_WARN_DIRECT_OBJC_ISA_USAGE = YES_ERROR;
				CLANG_WARN_DOCUMENTATION_COMMENTS = YES;
				CLANG_WARN_EMPTY_BODY = YES;
				CLANG_WARN_ENUM_CONVERSION = YES;
				CLANG_WARN_INFINITE_RECURSION = YES;
				CLANG_WARN_INT_CONVERSION = YES;
				CLANG_WARN_OBJC_ROOT_CLASS = YES_ERROR;
				CLANG_WARN_SUSPICIOUS_MOVES = YES;
				CLANG_WARN_UNREACHABLE_CODE = YES;
				CLANG_WARN__DUPLICATE_METHOD_MATCH = YES;
				CODE_SIGN_IDENTITY = "-";
				COPY_PHASE_STRIP = NO;
				DEBUG_INFORMATION_FORMAT = dwarf;
				ENABLE_STRICT_OBJC_MSGSEND = YES;
				ENABLE_TESTABILITY = YES;
				GCC_C_LANGUAGE_STANDARD = gnu99;
				GCC_DYNAMIC_NO_PIC = NO;
				GCC_NO_COMMON_BLOCKS = YES;
				GCC_OPTIMIZATION_LEVEL = 0;
				GCC_PREPROCESSOR_DEFINITIONS = (
					"DEBUG=1",
					"$(inherited)",
				);
				GCC_WARN_64_TO_32_BIT_CONVERSION = YES;
				GCC_WARN_ABOUT_RETURN_TYPE = YES_ERROR;
				GCC_WARN_UNDECLARED_SELECTOR = YES;
				GCC_WARN_UNINITIALIZED_AUTOS = YES_AGGRESSIVE;
				GCC_WARN_UNUSED_FUNCTION = YES;
				GCC_WARN_UNUSED_VARIABLE = YES;
				MACOSX_DEPLOYMENT_TARGET = 10.11;
				MTL_ENABLE_DEBUG_INFO = YES;
				ONLY_ACTIVE_ARCH = YES;
				SDKROOT = macosx;
			};
			name = Debug;
		};
		D97EDDFD1D834314003E5106 /* Release */ = {
			isa = XCBuildConfiguration;
			buildSettings = {
				ALWAYS_SEARCH_USER_PATHS = NO;
				CLANG_ANALYZER_NONNULL = YES;
				CLANG_CXX_LANGUAGE_STANDARD = "gnu++0x";
				CLANG_CXX_LIBRARY = "libc++";
				CLANG_ENABLE_MODULES = YES;
				CLANG_ENABLE_OBJC_ARC = YES;
				CLANG_WARN_BOOL_CONVERSION = YES;
				CLANG_WARN_CONSTANT_CONVERSION = YES;
				CLANG_WARN_DIRECT_OBJC_ISA_USAGE = YES_ERROR;
				CLANG_WARN_DOCUMENTATION_COMMENTS = YES;
				CLANG_WARN_EMPTY_BODY = YES;
				CLANG_WARN_ENUM_CONVERSION = YES;
				CLANG_WARN_INFINITE_RECURSION = YES;
				CLANG_WARN_INT_CONVERSION = YES;
				CLANG_WARN_OBJC_ROOT_CLASS = YES_ERROR;
				CLANG_WARN_SUSPICIOUS_MOVES = YES;
				CLANG_WARN_UNREACHABLE_CODE = YES;
				CLANG_WARN__DUPLICATE_METHOD_MATCH = YES;
				CODE_SIGN_IDENTITY = "-";
				COPY_PHASE_STRIP = NO;
				DEBUG_INFORMATION_FORMAT = "dwarf-with-dsym";
				ENABLE_NS_ASSERTIONS = NO;
				ENABLE_STRICT_OBJC_MSGSEND = YES;
				GCC_C_LANGUAGE_STANDARD = gnu99;
				GCC_NO_COMMON_BLOCKS = YES;
				GCC_WARN_64_TO_32_BIT_CONVERSION = YES;
				GCC_WARN_ABOUT_RETURN_TYPE = YES_ERROR;
				GCC_WARN_UNDECLARED_SELECTOR = YES;
				GCC_WARN_UNINITIALIZED_AUTOS = YES_AGGRESSIVE;
				GCC_WARN_UNUSED_FUNCTION = YES;
				GCC_WARN_UNUSED_VARIABLE = YES;
				MACOSX_DEPLOYMENT_TARGET = 10.11;
				MTL_ENABLE_DEBUG_INFO = NO;
				SDKROOT = macosx;
			};
			name = Release;
		};
		D97EDDFF1D834314003E5106 /* Debug */ = {
			isa = XCBuildConfiguration;
			buildSettings = {
				PRODUCT_NAME = "$(TARGET_NAME)";
			};
			name = Debug;
		};
		D97EDE001D834314003E5106 /* Release */ = {
			isa = XCBuildConfiguration;
			buildSettings = {
				PRODUCT_NAME = "$(TARGET_NAME)";
			};
			name = Release;
		};
/* End XCBuildConfiguration section */

/* Begin XCConfigurationList section */
		D97EDDF21D834314003E5106 /* Build configuration list for PBXProject "PigLatin" */ = {
			isa = XCConfigurationList;
			buildConfigurations = (
				D97EDDFC1D834314003E5106 /* Debug */,
				D97EDDFD1D834314003E5106 /* Release */,
			);
			defaultConfigurationIsVisible = 0;
			defaultConfigurationName = Release;
		};
		D97EDDFE1D834314003E5106 /* Build configuration list for PBXNativeTarget "PigLatin" */ = {
			isa = XCConfigurationList;
			buildConfigurations = (
				D97EDDFF1D834314003E5106 /* Debug */,
				D97EDE001D834314003E5106 /* Release */,
			);
			defaultConfigurationIsVisible = 0;
		};
/* End XCConfigurationList section */
	};
	rootObject = D97EDDEF1D834314003E5106 /* Project object */;
}
